<Solution>
  <Folder Name="/ProjectManager/">
    <Project Path="ProjectManager/ProjectManager.Client/ProjectManager.Client.csproj" />
    <Project Path="ProjectManager/ProjectManager/ProjectManager.csproj" />
  </Folder>
  <Folder Name="/SchoolApp/">
    <Project Path="SchoolApp/SchoolApp.Client/SchoolApp.Client.csproj" />
    <Project Path="SchoolApp/SchoolApp/SchoolApp.csproj" />
  </Folder>
  <Project Path="ClinicApp/ClinicApp.csproj" />
  <Project Path="Contacts/Contacts.csproj" />
  <Project Path="LibraryApp/LibraryApp.csproj" />
  <Project Path="ProductsApi/ProductsApi.csproj" />
</Solution>
