<Solution>
  <Folder Name="/ProjectManager/">
    <Project Path="BlazorAuto/ProjectManager/ProjectManager.Client/ProjectManager.Client.csproj" />
    <Project Path="BlazorAuto/ProjectManager/ProjectManager/ProjectManager.csproj" />
  </Folder>
  <Folder Name="/SchoolApp/">
    <Project Path="BlazorAuto/SchoolApp/SchoolApp.Client/SchoolApp.Client.csproj" />
    <Project Path="BlazorAuto/SchoolApp/SchoolApp/SchoolApp.csproj" />
  </Folder>
  <Project Path="BlazorServer/ClinicApp/ClinicApp.csproj" />
  <Project Path="RazorPages/Contacts/Contacts.csproj" />
  <Project Path="BlazorServer/LibraryApp/LibraryApp.csproj" />
  <Project Path="MinimalAPI/ProductsApi/ProductsApi.csproj" />
</Solution>
